# This file is generated by running "yarn install" inside your project.
# Manual changes might be lost - proceed with caution!

__metadata:
  version: 6
  cacheKey: 8

"is-even@npm:^1.0.0":
  version: 1.0.0
  resolution: "is-even@npm:1.0.0"
  dependencies:
    is-odd: ^0.1.2
  checksum: 0267545d7cb6724aee249e88942cf22f6263aa006cd9bf83c2ddbb2a1d47280e8c4d72b2d50e38bd3575df717c993904b44153cc1772a55dabca250ca40cc4f7
  languageName: node
  linkType: hard

"is-number@npm:7":
  version: 7.0.0
  resolution: "is-number@npm:7.0.0"
  checksum: 456ac6f8e0f3111ed34668a624e45315201dff921e5ac181f8ec24923b99e9f32ca1a194912dc79d539c97d33dba17dc635202ff0b2cf98326f608323276d27a
  languageName: node
  linkType: hard

"is-odd@npm:^0.1.2":
  version: 0.1.2
  resolution: "is-odd@npm:0.1.2"
  dependencies:
    is-number: ^3.0.0
  checksum: 146069d7622c991c75c17ca63bccf5470cd730c24082874e53e797a10ff38a896197d6ce34ad137a2f422dcc614b10ff24d31fe93dcdb29f0cb758f2d924f477
  languageName: node
  linkType: hard

"root-workspace-0b6124@workspace:.":
  version: 0.0.0-use.local
  resolution: "root-workspace-0b6124@workspace:."
  dependencies:
    is-even: ^1.0.0
  languageName: unknown
  linkType: soft
